
Microsoft Visual Studio Solution File, Format Version 12.00
# Visual Studio 15
VisualStudioVersion = 15.0.28307.489
MinimumVisualStudioVersion = 10.0.40219.1
Project("{FAE04EC0-301F-11D3-BF4B-00C04F79EFBC}") = "70325_Dolbik-Vorobei", "70325_Dolbik-Vorobei\70325_Dolbik-Vorobei.csproj", "{F0C20D8D-E23A-4D39-8054-7FC8C713E2E7}"
EndProject
Project("{FAE04EC0-301F-11D3-BF4B-00C04F79EFBC}") = "70325_Dolbik-Vorobei.Tests", "70325_Dolbik-Vorobei.Tests\70325_Dolbik-Vorobei.Tests.csproj", "{A73F01C1-728B-4089-896C-F58E456DE2AA}"
EndProject
Project("{FAE04EC0-301F-11D3-BF4B-00C04F79EFBC}") = "70325_Dolbik-Vorobei.DAL", "ClassLibrary170325_Dolbik-Vorobei.DAL\70325_Dolbik-Vorobei.DAL.csproj", "{A3F8A721-1DFB-41F4-8692-2B817F947C86}"
EndProject
Global
	GlobalSection(SolutionConfigurationPlatforms) = preSolution
		Debug|Any CPU = Debug|Any CPU
		Release|Any CPU = Release|Any CPU
	EndGlobalSection
	GlobalSection(ProjectConfigurationPlatforms) = postSolution
		{F0C20D8D-E23A-4D39-8054-7FC8C713E2E7}.Debug|Any CPU.ActiveCfg = Debug|Any CPU
		{F0C20D8D-E23A-4D39-8054-7FC8C713E2E7}.Debug|Any CPU.Build.0 = Debug|Any CPU
		{F0C20D8D-E23A-4D39-8054-7FC8C713E2E7}.Release|Any CPU.ActiveCfg = Release|Any CPU
		{F0C20D8D-E23A-4D39-8054-7FC8C713E2E7}.Release|Any CPU.Build.0 = Release|Any CPU
		{A73F01C1-728B-4089-896C-F58E456DE2AA}.Debug|Any CPU.ActiveCfg = Debug|Any CPU
		{A73F01C1-728B-4089-896C-F58E456DE2AA}.Debug|Any CPU.Build.0 = Debug|Any CPU
		{A73F01C1-728B-4089-896C-F58E456DE2AA}.Release|Any CPU.ActiveCfg = Release|Any CPU
		{A73F01C1-728B-4089-896C-F58E456DE2AA}.Release|Any CPU.Build.0 = Release|Any CPU
		{A3F8A721-1DFB-41F4-8692-2B817F947C86}.Debug|Any CPU.ActiveCfg = Debug|Any CPU
		{A3F8A721-1DFB-41F4-8692-2B817F947C86}.Debug|Any CPU.Build.0 = Debug|Any CPU
		{A3F8A721-1DFB-41F4-8692-2B817F947C86}.Release|Any CPU.ActiveCfg = Release|Any CPU
		{A3F8A721-1DFB-41F4-8692-2B817F947C86}.Release|Any CPU.Build.0 = Release|Any CPU
	EndGlobalSection
	GlobalSection(SolutionProperties) = preSolution
		HideSolutionNode = FALSE
	EndGlobalSection
	GlobalSection(ExtensibilityGlobals) = postSolution
		SolutionGuid = {34D7B4DF-0A3B-4D9E-9B29-B5DDBDFAF8FD}
	EndGlobalSection
EndGlobal
